
Microsoft Visual Studio Solution File, Format Version 12.00
# Visual Studio 2013
VisualStudioVersion = 12.0.31101.0
MinimumVisualStudioVersion = 10.0.40219.1
Project("{E24C65DC-7377-472B-9ABA-BC803B73C61A}") = "Nizing", "http://localhost:50429", "{BD3539B3-52E8-4C7A-9A0C-A85788E6F9FD}"
	ProjectSection(WebsiteProperties) = preProject
		UseIISExpress = "true"
		TargetFrameworkMoniker = ".NETFramework,Version%3Dv4.0"
		Debug.AspNetCompiler.VirtualPath = "/localhost_50429"
		Debug.AspNetCompiler.PhysicalPath = "Nizing\"
		Debug.AspNetCompiler.TargetPath = "PrecompiledWeb\localhost_50429\"
		Debug.AspNetCompiler.Updateable = "true"
		Debug.AspNetCompiler.ForceOverwrite = "true"
		Debug.AspNetCompiler.FixedNames = "false"
		Debug.AspNetCompiler.Debug = "True"
		Release.AspNetCompiler.VirtualPath = "/localhost_50429"
		Release.AspNetCompiler.PhysicalPath = "Nizing\"
		Release.AspNetCompiler.TargetPath = "PrecompiledWeb\localhost_50429\"
		Release.AspNetCompiler.Updateable = "true"
		Release.AspNetCompiler.ForceOverwrite = "true"
		Release.AspNetCompiler.FixedNames = "false"
		Release.AspNetCompiler.Debug = "False"
		SlnRelativePath = "Nizing\"
	EndProjectSection
EndProject
Project("{E24C65DC-7377-472B-9ABA-BC803B73C61A}") = "Intranet", "http://localhost:51075", "{BCF0C055-450E-4A4D-A643-DBB58B4DD45F}"
	ProjectSection(WebsiteProperties) = preProject
		UseIISExpress = "true"
		TargetFrameworkMoniker = ".NETFramework,Version%3Dv4.0"
		Debug.AspNetCompiler.VirtualPath = "/localhost_51075"
		Debug.AspNetCompiler.PhysicalPath = "Intranet\"
		Debug.AspNetCompiler.TargetPath = "PrecompiledWeb\localhost_51075\"
		Debug.AspNetCompiler.Updateable = "true"
		Debug.AspNetCompiler.ForceOverwrite = "true"
		Debug.AspNetCompiler.FixedNames = "false"
		Debug.AspNetCompiler.Debug = "True"
		Release.AspNetCompiler.VirtualPath = "/localhost_51075"
		Release.AspNetCompiler.PhysicalPath = "Intranet\"
		Release.AspNetCompiler.TargetPath = "PrecompiledWeb\localhost_51075\"
		Release.AspNetCompiler.Updateable = "true"
		Release.AspNetCompiler.ForceOverwrite = "true"
		Release.AspNetCompiler.FixedNames = "false"
		Release.AspNetCompiler.Debug = "False"
		SlnRelativePath = "Intranet\"
	EndProjectSection
EndProject
Project("{FAE04EC0-301F-11D3-BF4B-00C04F79EFBC}") = "OQS", "WinFormApp\WinFormAppDev\OQS\OQS.csproj", "{ACE3738F-2013-4F8F-8E2F-BEB0C4E197D0}"
EndProject
Project("{FAE04EC0-301F-11D3-BF4B-00C04F79EFBC}") = "OQS_Data_Config", "WinFormApp\WinFormAppDev\OQS_Data_Config\OQS_Data_Config.csproj", "{6D151A62-F63D-4099-9C4F-82A80B6BA915}"
EndProject
Project("{FAE04EC0-301F-11D3-BF4B-00C04F79EFBC}") = "WpfHost", "WinFormApp\WinFormAppDev\WpfHost\WpfHost.csproj", "{BBA6DE70-2CF2-4911-9E03-3367BCEBFB69}"
EndProject
Global
	GlobalSection(SolutionConfigurationPlatforms) = preSolution
		Debug|Any CPU = Debug|Any CPU
		Release|Any CPU = Release|Any CPU
	EndGlobalSection
	GlobalSection(ProjectConfigurationPlatforms) = postSolution
		{BD3539B3-52E8-4C7A-9A0C-A85788E6F9FD}.Debug|Any CPU.ActiveCfg = Debug|Any CPU
		{BD3539B3-52E8-4C7A-9A0C-A85788E6F9FD}.Debug|Any CPU.Build.0 = Debug|Any CPU
		{BD3539B3-52E8-4C7A-9A0C-A85788E6F9FD}.Release|Any CPU.ActiveCfg = Debug|Any CPU
		{BD3539B3-52E8-4C7A-9A0C-A85788E6F9FD}.Release|Any CPU.Build.0 = Debug|Any CPU
		{BCF0C055-450E-4A4D-A643-DBB58B4DD45F}.Debug|Any CPU.ActiveCfg = Debug|Any CPU
		{BCF0C055-450E-4A4D-A643-DBB58B4DD45F}.Debug|Any CPU.Build.0 = Debug|Any CPU
		{BCF0C055-450E-4A4D-A643-DBB58B4DD45F}.Release|Any CPU.ActiveCfg = Debug|Any CPU
		{BCF0C055-450E-4A4D-A643-DBB58B4DD45F}.Release|Any CPU.Build.0 = Debug|Any CPU
		{ACE3738F-2013-4F8F-8E2F-BEB0C4E197D0}.Debug|Any CPU.ActiveCfg = Debug|Any CPU
		{ACE3738F-2013-4F8F-8E2F-BEB0C4E197D0}.Debug|Any CPU.Build.0 = Debug|Any CPU
		{ACE3738F-2013-4F8F-8E2F-BEB0C4E197D0}.Release|Any CPU.ActiveCfg = Release|Any CPU
		{ACE3738F-2013-4F8F-8E2F-BEB0C4E197D0}.Release|Any CPU.Build.0 = Release|Any CPU
		{6D151A62-F63D-4099-9C4F-82A80B6BA915}.Debug|Any CPU.ActiveCfg = Debug|Any CPU
		{6D151A62-F63D-4099-9C4F-82A80B6BA915}.Debug|Any CPU.Build.0 = Debug|Any CPU
		{6D151A62-F63D-4099-9C4F-82A80B6BA915}.Release|Any CPU.ActiveCfg = Release|Any CPU
		{6D151A62-F63D-4099-9C4F-82A80B6BA915}.Release|Any CPU.Build.0 = Release|Any CPU
		{BBA6DE70-2CF2-4911-9E03-3367BCEBFB69}.Debug|Any CPU.ActiveCfg = Debug|Any CPU
		{BBA6DE70-2CF2-4911-9E03-3367BCEBFB69}.Debug|Any CPU.Build.0 = Debug|Any CPU
		{BBA6DE70-2CF2-4911-9E03-3367BCEBFB69}.Release|Any CPU.ActiveCfg = Release|Any CPU
		{BBA6DE70-2CF2-4911-9E03-3367BCEBFB69}.Release|Any CPU.Build.0 = Release|Any CPU
	EndGlobalSection
	GlobalSection(SolutionProperties) = preSolution
		HideSolutionNode = FALSE
	EndGlobalSection
EndGlobal
